{
  "name": "sample-node-project",
  "version": "0.0.1",
  "lockfileVersion": 3,
  "requires": true,
  "packages": {
    "": {
      "name": "sample-node-project",
      "version": "0.0.1",
      "dependencies": {
        "sodium-native": "^4.3.1"
      }
    },
    "node_modules/node-gyp-build": {
      "version": "4.8.4",
      "resolved": "https://registry.npmjs.org/node-gyp-build/-/node-gyp-build-4.8.4.tgz",
      "integrity": "sha512-LA4ZjwlnUblHVgq0oBF3Jl/6h/Nvs5fzBLwdEF4nuxnFdsfajde4WfxtJr3CaiH+F6ewcIB/q4jQ4UzPyid+CQ==",
      "license": "MIT",
      "bin": {
        "node-gyp-build": "bin.js",
        "node-gyp-build-optional": "optional.js",
        "node-gyp-build-test": "build-test.js"
      }
    },
    "node_modules/sodium-native": {
      "version": "4.3.1",
      "resolved": "https://registry.npmjs.org/sodium-native/-/sodium-native-4.3.1.tgz",
      "integrity": "sha512-YdP64gAdpIKHfL4ttuX4aIfjeunh9f+hNeQJpE9C8UMndB3zkgZ7YmmGT4J2+v6Ibyp6Wem8D1TcSrtdW0bqtg==",
      "license": "MIT",
      "dependencies": {
        "node-gyp-build": "^4.8.0"
      }
    }
  }
}
